
Microsoft Visual Studio Solution File, Format Version 12.00
# Visual Studio Version 16
VisualStudioVersion = 16.0.33027.164
MinimumVisualStudioVersion = 10.0.40219.1
Project("{FAE04EC0-301F-11D3-BF4B-00C04F79EFBC}") = "Extract_Imgs_PDF", "Extract_Imgs_PDF.csproj", "{F55740B3-D432-405B-8B11-A78C4B0C7FE8}"
EndProject
Global
	GlobalSection(SolutionConfigurationPlatforms) = preSolution
		Debug|Any CPU = Debug|Any CPU
		Release|Any CPU = Release|Any CPU
	EndGlobalSection
	GlobalSection(ProjectConfigurationPlatforms) = postSolution
		{F55740B3-D432-405B-8B11-A78C4B0C7FE8}.Debug|Any CPU.ActiveCfg = Debug|Any CPU
		{F55740B3-D432-405B-8B11-A78C4B0C7FE8}.Debug|Any CPU.Build.0 = Debug|Any CPU
		{F55740B3-D432-405B-8B11-A78C4B0C7FE8}.Release|Any CPU.ActiveCfg = Release|Any CPU
		{F55740B3-D432-405B-8B11-A78C4B0C7FE8}.Release|Any CPU.Build.0 = Release|Any CPU
	EndGlobalSection
	GlobalSection(SolutionProperties) = preSolution
		HideSolutionNode = FALSE
	EndGlobalSection
	GlobalSection(ExtensibilityGlobals) = postSolution
		SolutionGuid = {7E3A7CDB-9303-41D3-9B8F-34B6B55D0D3D}
	EndGlobalSection
EndGlobal
