
Microsoft Visual Studio Solution File, Format Version 12.00
# Visual Studio Version 16
VisualStudioVersion = 16.0.29613.14
MinimumVisualStudioVersion = 10.0.40219.1
Project("{FAE04EC0-301F-11D3-BF4B-00C04F79EFBC}") = "Edocs.Upload.Batches.AzureCloud", "Edocs.Upload.Batches.AzureCloud\Edocs.Upload.Batches.AzureCloud.csproj", "{AB141534-1090-452C-A376-EA3E3B99D512}"
	ProjectSection(ProjectDependencies) = postProject
		{06F31A22-0E40-475A-92C4-7079E2E9CF84} = {06F31A22-0E40-475A-92C4-7079E2E9CF84}
		{120C7326-9807-4A92-A9B3-8F2EF3D6D231} = {120C7326-9807-4A92-A9B3-8F2EF3D6D231}
		{468FF371-B036-4E64-89A8-97BEC8ECEF0B} = {468FF371-B036-4E64-89A8-97BEC8ECEF0B}
	EndProjectSection
EndProject
Project("{FAE04EC0-301F-11D3-BF4B-00C04F79EFBC}") = "Edocs.Libaray.AzureCloud.Upload.Batches", "..\Edocs.Libaray.AzureCloud.Upload.Batches\Edocs.Libaray.AzureCloud.Upload.Batches\Edocs.Libaray.AzureCloud.Upload.Batches.csproj", "{120C7326-9807-4A92-A9B3-8F2EF3D6D231}"
EndProject
Project("{FAE04EC0-301F-11D3-BF4B-00C04F79EFBC}") = "ScanQuire_SendEmails", "..\ScanQuire_SendEmails\ScanQuire_SendEmails.csproj", "{06F31A22-0E40-475A-92C4-7079E2E9CF84}"
EndProject
Project("{FAE04EC0-301F-11D3-BF4B-00C04F79EFBC}") = "Edocs.Upload.Azure.Blob.Storage", "..\Edocs.Upload.Azure.Blob.Storage\Edocs.Upload.Azure.Blob.Storage.csproj", "{468FF371-B036-4E64-89A8-97BEC8ECEF0B}"
EndProject
Global
	GlobalSection(SolutionConfigurationPlatforms) = preSolution
		Debug|Any CPU = Debug|Any CPU
		Debug|x86 = Debug|x86
		Release|Any CPU = Release|Any CPU
		Release|x86 = Release|x86
	EndGlobalSection
	GlobalSection(ProjectConfigurationPlatforms) = postSolution
		{AB141534-1090-452C-A376-EA3E3B99D512}.Debug|Any CPU.ActiveCfg = Debug|Any CPU
		{AB141534-1090-452C-A376-EA3E3B99D512}.Debug|Any CPU.Build.0 = Debug|Any CPU
		{AB141534-1090-452C-A376-EA3E3B99D512}.Debug|x86.ActiveCfg = Debug|Any CPU
		{AB141534-1090-452C-A376-EA3E3B99D512}.Debug|x86.Build.0 = Debug|Any CPU
		{AB141534-1090-452C-A376-EA3E3B99D512}.Release|Any CPU.ActiveCfg = Release|Any CPU
		{AB141534-1090-452C-A376-EA3E3B99D512}.Release|Any CPU.Build.0 = Release|Any CPU
		{AB141534-1090-452C-A376-EA3E3B99D512}.Release|x86.ActiveCfg = Release|Any CPU
		{AB141534-1090-452C-A376-EA3E3B99D512}.Release|x86.Build.0 = Release|Any CPU
		{120C7326-9807-4A92-A9B3-8F2EF3D6D231}.Debug|Any CPU.ActiveCfg = Debug|Any CPU
		{120C7326-9807-4A92-A9B3-8F2EF3D6D231}.Debug|Any CPU.Build.0 = Debug|Any CPU
		{120C7326-9807-4A92-A9B3-8F2EF3D6D231}.Debug|x86.ActiveCfg = Debug|Any CPU
		{120C7326-9807-4A92-A9B3-8F2EF3D6D231}.Debug|x86.Build.0 = Debug|Any CPU
		{120C7326-9807-4A92-A9B3-8F2EF3D6D231}.Release|Any CPU.ActiveCfg = Release|Any CPU
		{120C7326-9807-4A92-A9B3-8F2EF3D6D231}.Release|Any CPU.Build.0 = Release|Any CPU
		{120C7326-9807-4A92-A9B3-8F2EF3D6D231}.Release|x86.ActiveCfg = Release|Any CPU
		{120C7326-9807-4A92-A9B3-8F2EF3D6D231}.Release|x86.Build.0 = Release|Any CPU
		{06F31A22-0E40-475A-92C4-7079E2E9CF84}.Debug|Any CPU.ActiveCfg = Debug|Any CPU
		{06F31A22-0E40-475A-92C4-7079E2E9CF84}.Debug|Any CPU.Build.0 = Debug|Any CPU
		{06F31A22-0E40-475A-92C4-7079E2E9CF84}.Debug|x86.ActiveCfg = Debug|x86
		{06F31A22-0E40-475A-92C4-7079E2E9CF84}.Debug|x86.Build.0 = Debug|x86
		{06F31A22-0E40-475A-92C4-7079E2E9CF84}.Release|Any CPU.ActiveCfg = Release|Any CPU
		{06F31A22-0E40-475A-92C4-7079E2E9CF84}.Release|Any CPU.Build.0 = Release|Any CPU
		{06F31A22-0E40-475A-92C4-7079E2E9CF84}.Release|x86.ActiveCfg = Release|x86
		{06F31A22-0E40-475A-92C4-7079E2E9CF84}.Release|x86.Build.0 = Release|x86
		{468FF371-B036-4E64-89A8-97BEC8ECEF0B}.Debug|Any CPU.ActiveCfg = Debug|Any CPU
		{468FF371-B036-4E64-89A8-97BEC8ECEF0B}.Debug|Any CPU.Build.0 = Debug|Any CPU
		{468FF371-B036-4E64-89A8-97BEC8ECEF0B}.Debug|x86.ActiveCfg = Debug|Any CPU
		{468FF371-B036-4E64-89A8-97BEC8ECEF0B}.Debug|x86.Build.0 = Debug|Any CPU
		{468FF371-B036-4E64-89A8-97BEC8ECEF0B}.Release|Any CPU.ActiveCfg = Release|Any CPU
		{468FF371-B036-4E64-89A8-97BEC8ECEF0B}.Release|Any CPU.Build.0 = Release|Any CPU
		{468FF371-B036-4E64-89A8-97BEC8ECEF0B}.Release|x86.ActiveCfg = Release|Any CPU
		{468FF371-B036-4E64-89A8-97BEC8ECEF0B}.Release|x86.Build.0 = Release|Any CPU
	EndGlobalSection
	GlobalSection(SolutionProperties) = preSolution
		HideSolutionNode = FALSE
	EndGlobalSection
	GlobalSection(ExtensibilityGlobals) = postSolution
		SolutionGuid = {12292E43-1E69-44D4-800D-9DCDC7BAC59F}
	EndGlobalSection
EndGlobal
