
Microsoft Visual Studio Solution File, Format Version 12.00
# Visual Studio Version 17
VisualStudioVersion = 17.0.31612.314
MinimumVisualStudioVersion = 10.0.40219.1
Project("{FAE04EC0-301F-11D3-BF4B-00C04F79EFBC}") = "MDT.Fix.Database", "MDT.Fix.Database.csproj", "{62358DD7-B2C3-495A-A523-096C82B12934}"
EndProject
Global
	GlobalSection(SolutionConfigurationPlatforms) = preSolution
		Debug|Any CPU = Debug|Any CPU
		Release|Any CPU = Release|Any CPU
	EndGlobalSection
	GlobalSection(ProjectConfigurationPlatforms) = postSolution
		{62358DD7-B2C3-495A-A523-096C82B12934}.Debug|Any CPU.ActiveCfg = Debug|Any CPU
		{62358DD7-B2C3-495A-A523-096C82B12934}.Debug|Any CPU.Build.0 = Debug|Any CPU
		{62358DD7-B2C3-495A-A523-096C82B12934}.Release|Any CPU.ActiveCfg = Release|Any CPU
		{62358DD7-B2C3-495A-A523-096C82B12934}.Release|Any CPU.Build.0 = Release|Any CPU
	EndGlobalSection
	GlobalSection(SolutionProperties) = preSolution
		HideSolutionNode = FALSE
	EndGlobalSection
	GlobalSection(ExtensibilityGlobals) = postSolution
		SolutionGuid = {6E9DB09B-A89D-4B03-8E4B-8AFC2322AED0}
	EndGlobalSection
EndGlobal
