
Microsoft Visual Studio Solution File, Format Version 12.00
# Visual Studio 15
VisualStudioVersion = 15.0.28307.705
MinimumVisualStudioVersion = 10.0.40219.1
Project("{FAE04EC0-301F-11D3-BF4B-00C04F79EFBC}") = "Edocs.Encrypt.Decrypt", "Edocs.Encrypt.Decrypt\Edocs.Encrypt.Decrypt.csproj", "{0671F6FA-634D-4DF6-8514-268FFF730FE5}"
EndProject
Global
	GlobalSection(SolutionConfigurationPlatforms) = preSolution
		Debug|Any CPU = Debug|Any CPU
		Release|Any CPU = Release|Any CPU
	EndGlobalSection
	GlobalSection(ProjectConfigurationPlatforms) = postSolution
		{0671F6FA-634D-4DF6-8514-268FFF730FE5}.Debug|Any CPU.ActiveCfg = Debug|Any CPU
		{0671F6FA-634D-4DF6-8514-268FFF730FE5}.Debug|Any CPU.Build.0 = Debug|Any CPU
		{0671F6FA-634D-4DF6-8514-268FFF730FE5}.Release|Any CPU.ActiveCfg = Release|Any CPU
		{0671F6FA-634D-4DF6-8514-268FFF730FE5}.Release|Any CPU.Build.0 = Release|Any CPU
	EndGlobalSection
	GlobalSection(SolutionProperties) = preSolution
		HideSolutionNode = FALSE
	EndGlobalSection
	GlobalSection(ExtensibilityGlobals) = postSolution
		SolutionGuid = {73A7E540-D4B8-4326-BCD5-F627D3DCBC1A}
	EndGlobalSection
EndGlobal
