
Microsoft Visual Studio Solution File, Format Version 12.00
# Visual Studio Version 16
VisualStudioVersion = 16.0.32802.440
MinimumVisualStudioVersion = 10.0.40219.1
Project("{FAE04EC0-301F-11D3-BF4B-00C04F79EFBC}") = "GoogleLCR", "GoogleLCR.csproj", "{AF7996BD-2D42-4178-AC24-51E92A2F3297}"
EndProject
Global
	GlobalSection(SolutionConfigurationPlatforms) = preSolution
		Debug|Any CPU = Debug|Any CPU
		Release|Any CPU = Release|Any CPU
	EndGlobalSection
	GlobalSection(ProjectConfigurationPlatforms) = postSolution
		{AF7996BD-2D42-4178-AC24-51E92A2F3297}.Debug|Any CPU.ActiveCfg = Debug|Any CPU
		{AF7996BD-2D42-4178-AC24-51E92A2F3297}.Debug|Any CPU.Build.0 = Debug|Any CPU
		{AF7996BD-2D42-4178-AC24-51E92A2F3297}.Release|Any CPU.ActiveCfg = Release|Any CPU
		{AF7996BD-2D42-4178-AC24-51E92A2F3297}.Release|Any CPU.Build.0 = Release|Any CPU
	EndGlobalSection
	GlobalSection(SolutionProperties) = preSolution
		HideSolutionNode = FALSE
	EndGlobalSection
	GlobalSection(ExtensibilityGlobals) = postSolution
		SolutionGuid = {8F4E15BB-0363-4301-8C3B-3E275853DB86}
	EndGlobalSection
EndGlobal
