
Microsoft Visual Studio Solution File, Format Version 12.00
# Visual Studio Version 16
VisualStudioVersion = 16.0.33027.164
MinimumVisualStudioVersion = 10.0.40219.1
Project("{FAE04EC0-301F-11D3-BF4B-00C04F79EFBC}") = "Edocs.Demos.Restful.Api", "Edocs.Demos.Restful.Api.csproj", "{B8D5CF3D-BD00-4B0F-B692-86A21F45BA77}"
EndProject
Global
	GlobalSection(SolutionConfigurationPlatforms) = preSolution
		Debug|Any CPU = Debug|Any CPU
		Release|Any CPU = Release|Any CPU
	EndGlobalSection
	GlobalSection(ProjectConfigurationPlatforms) = postSolution
		{B8D5CF3D-BD00-4B0F-B692-86A21F45BA77}.Debug|Any CPU.ActiveCfg = Debug|Any CPU
		{B8D5CF3D-BD00-4B0F-B692-86A21F45BA77}.Debug|Any CPU.Build.0 = Debug|Any CPU
		{B8D5CF3D-BD00-4B0F-B692-86A21F45BA77}.Release|Any CPU.ActiveCfg = Release|Any CPU
		{B8D5CF3D-BD00-4B0F-B692-86A21F45BA77}.Release|Any CPU.Build.0 = Release|Any CPU
	EndGlobalSection
	GlobalSection(SolutionProperties) = preSolution
		HideSolutionNode = FALSE
	EndGlobalSection
	GlobalSection(ExtensibilityGlobals) = postSolution
		SolutionGuid = {7C7132A0-1983-4F7B-9BBF-DEE1FF84D6DD}
	EndGlobalSection
EndGlobal
