
Microsoft Visual Studio Solution File, Format Version 12.00
# Visual Studio Version 16
VisualStudioVersion = 16.0.33027.164
MinimumVisualStudioVersion = 10.0.40219.1
Project("{FAE04EC0-301F-11D3-BF4B-00C04F79EFBC}") = "Lcr.Ocr.Console.App", "Lcr.Ocr.Console.App.csproj", "{2896E8B4-0269-4A86-816E-E004382EA561}"
EndProject
Global
	GlobalSection(SolutionConfigurationPlatforms) = preSolution
		Debug|Any CPU = Debug|Any CPU
		Release|Any CPU = Release|Any CPU
	EndGlobalSection
	GlobalSection(ProjectConfigurationPlatforms) = postSolution
		{2896E8B4-0269-4A86-816E-E004382EA561}.Debug|Any CPU.ActiveCfg = Debug|Any CPU
		{2896E8B4-0269-4A86-816E-E004382EA561}.Debug|Any CPU.Build.0 = Debug|Any CPU
		{2896E8B4-0269-4A86-816E-E004382EA561}.Release|Any CPU.ActiveCfg = Release|Any CPU
		{2896E8B4-0269-4A86-816E-E004382EA561}.Release|Any CPU.Build.0 = Release|Any CPU
	EndGlobalSection
	GlobalSection(SolutionProperties) = preSolution
		HideSolutionNode = FALSE
	EndGlobalSection
	GlobalSection(ExtensibilityGlobals) = postSolution
		SolutionGuid = {08E681D6-BD4F-4F5A-97AA-7072CA958E60}
	EndGlobalSection
EndGlobal
