
Microsoft Visual Studio Solution File, Format Version 12.00
# Visual Studio Version 17
VisualStudioVersion = 17.14.36408.4 d17.14
MinimumVisualStudioVersion = 10.0.40219.1
Project("{FAE04EC0-301F-11D3-BF4B-00C04F79EFBC}") = "BMRMobileApp", "BMRMobileApp.csproj", "{C8DD919C-A5C9-4240-99CA-17361D5AEC65}"
EndProject
Global
	GlobalSection(SolutionConfigurationPlatforms) = preSolution
		Debug|Any CPU = Debug|Any CPU
		Release|Any CPU = Release|Any CPU
	EndGlobalSection
	GlobalSection(ProjectConfigurationPlatforms) = postSolution
		{C8DD919C-A5C9-4240-99CA-17361D5AEC65}.Debug|Any CPU.ActiveCfg = Debug|Any CPU
		{C8DD919C-A5C9-4240-99CA-17361D5AEC65}.Debug|Any CPU.Build.0 = Debug|Any CPU
		{C8DD919C-A5C9-4240-99CA-17361D5AEC65}.Release|Any CPU.ActiveCfg = Release|Any CPU
		{C8DD919C-A5C9-4240-99CA-17361D5AEC65}.Release|Any CPU.Build.0 = Release|Any CPU
	EndGlobalSection
	GlobalSection(SolutionProperties) = preSolution
		HideSolutionNode = FALSE
	EndGlobalSection
	GlobalSection(ExtensibilityGlobals) = postSolution
		SolutionGuid = {D2E8F845-15DC-457D-ACB7-2DBF2CEEED14}
	EndGlobalSection
EndGlobal
