
Microsoft Visual Studio Solution File, Format Version 12.00
# Visual Studio Version 16
VisualStudioVersion = 16.0.31624.102
MinimumVisualStudioVersion = 10.0.40219.1
Project("{FAE04EC0-301F-11D3-BF4B-00C04F79EFBC}") = "Edocs.Libaray.Upload.Archive.Batches", "Edocs.Libaray.Upload.Archive.Batches.csproj", "{61A8AB7F-464E-407D-94F1-71187AF12049}"
EndProject
Global
	GlobalSection(SolutionConfigurationPlatforms) = preSolution
		Debug|Any CPU = Debug|Any CPU
		Release|Any CPU = Release|Any CPU
	EndGlobalSection
	GlobalSection(ProjectConfigurationPlatforms) = postSolution
		{61A8AB7F-464E-407D-94F1-71187AF12049}.Debug|Any CPU.ActiveCfg = Debug|Any CPU
		{61A8AB7F-464E-407D-94F1-71187AF12049}.Debug|Any CPU.Build.0 = Debug|Any CPU
		{61A8AB7F-464E-407D-94F1-71187AF12049}.Release|Any CPU.ActiveCfg = Release|Any CPU
		{61A8AB7F-464E-407D-94F1-71187AF12049}.Release|Any CPU.Build.0 = Release|Any CPU
	EndGlobalSection
	GlobalSection(SolutionProperties) = preSolution
		HideSolutionNode = FALSE
	EndGlobalSection
	GlobalSection(ExtensibilityGlobals) = postSolution
		SolutionGuid = {ECC5EB8F-FFD9-4981-AFD2-2E00C0E7544B}
	EndGlobalSection
EndGlobal
