
Microsoft Visual Studio Solution File, Format Version 12.00
# Visual Studio 15
VisualStudioVersion = 15.0.28010.2050
MinimumVisualStudioVersion = 10.0.40219.1
Project("{FAE04EC0-301F-11D3-BF4B-00C04F79EFBC}") = "Edocs.Logger", "Edocs.Logger\Edocs.Logger.csproj", "{D2AE6F5E-54D3-4F8E-B1CE-8F0774368FF0}"
EndProject
Global
	GlobalSection(SolutionConfigurationPlatforms) = preSolution
		Debug|Any CPU = Debug|Any CPU
		Release|Any CPU = Release|Any CPU
	EndGlobalSection
	GlobalSection(ProjectConfigurationPlatforms) = postSolution
		{D2AE6F5E-54D3-4F8E-B1CE-8F0774368FF0}.Debug|Any CPU.ActiveCfg = Debug|Any CPU
		{D2AE6F5E-54D3-4F8E-B1CE-8F0774368FF0}.Debug|Any CPU.Build.0 = Debug|Any CPU
		{D2AE6F5E-54D3-4F8E-B1CE-8F0774368FF0}.Release|Any CPU.ActiveCfg = Release|Any CPU
		{D2AE6F5E-54D3-4F8E-B1CE-8F0774368FF0}.Release|Any CPU.Build.0 = Release|Any CPU
	EndGlobalSection
	GlobalSection(SolutionProperties) = preSolution
		HideSolutionNode = FALSE
	EndGlobalSection
	GlobalSection(ExtensibilityGlobals) = postSolution
		SolutionGuid = {CD7F7F78-8157-4BC6-8900-BD7D5474CE5F}
	EndGlobalSection
EndGlobal
