
Microsoft Visual Studio Solution File, Format Version 12.00
# Visual Studio 15
VisualStudioVersion = 15.0.28307.902
MinimumVisualStudioVersion = 10.0.40219.1
Project("{FAE04EC0-301F-11D3-BF4B-00C04F79EFBC}") = "EdocsUSA.Utilities", "EdocsUSA.Utilities.csproj", "{DE32014B-BF7A-4228-9EC8-4E1A68E18590}"
EndProject
Project("{FAE04EC0-301F-11D3-BF4B-00C04F79EFBC}") = "Testing", "Testing\Testing.csproj", "{7672BC64-C71A-4CAD-835A-6D9C57883CB8}"
EndProject
Global
	GlobalSection(SolutionConfigurationPlatforms) = preSolution
		Debug|x86 = Debug|x86
		Release|x86 = Release|x86
	EndGlobalSection
	GlobalSection(ProjectConfigurationPlatforms) = postSolution
		{DE32014B-BF7A-4228-9EC8-4E1A68E18590}.Debug|x86.ActiveCfg = Release|x86
		{DE32014B-BF7A-4228-9EC8-4E1A68E18590}.Debug|x86.Build.0 = Release|x86
		{DE32014B-BF7A-4228-9EC8-4E1A68E18590}.Release|x86.ActiveCfg = Release|x86
		{DE32014B-BF7A-4228-9EC8-4E1A68E18590}.Release|x86.Build.0 = Release|x86
		{7672BC64-C71A-4CAD-835A-6D9C57883CB8}.Debug|x86.ActiveCfg = Release|x86
		{7672BC64-C71A-4CAD-835A-6D9C57883CB8}.Debug|x86.Build.0 = Release|x86
		{7672BC64-C71A-4CAD-835A-6D9C57883CB8}.Release|x86.ActiveCfg = Release|x86
		{7672BC64-C71A-4CAD-835A-6D9C57883CB8}.Release|x86.Build.0 = Release|x86
	EndGlobalSection
	GlobalSection(SolutionProperties) = preSolution
		HideSolutionNode = FALSE
	EndGlobalSection
	GlobalSection(ExtensibilityGlobals) = postSolution
		SolutionGuid = {C9BBC160-20BE-4066-9578-F20077DBF3A1}
	EndGlobalSection
EndGlobal
