
Microsoft Visual Studio Solution File, Format Version 12.00
# Visual Studio Version 16
VisualStudioVersion = 16.0.28922.388
MinimumVisualStudioVersion = 10.0.40219.1
Project("{FAE04EC0-301F-11D3-BF4B-00C04F79EFBC}") = "ProcessHL7Files", "ProcessHL7Files\ProcessHL7Files.csproj", "{34E1CCF6-E3A9-410A-A58D-A37018D94BB6}"
EndProject
Global
	GlobalSection(SolutionConfigurationPlatforms) = preSolution
		Debug|Any CPU = Debug|Any CPU
		Release|Any CPU = Release|Any CPU
	EndGlobalSection
	GlobalSection(ProjectConfigurationPlatforms) = postSolution
		{34E1CCF6-E3A9-410A-A58D-A37018D94BB6}.Debug|Any CPU.ActiveCfg = Debug|Any CPU
		{34E1CCF6-E3A9-410A-A58D-A37018D94BB6}.Debug|Any CPU.Build.0 = Debug|Any CPU
		{34E1CCF6-E3A9-410A-A58D-A37018D94BB6}.Release|Any CPU.ActiveCfg = Release|Any CPU
		{34E1CCF6-E3A9-410A-A58D-A37018D94BB6}.Release|Any CPU.Build.0 = Release|Any CPU
	EndGlobalSection
	GlobalSection(SolutionProperties) = preSolution
		HideSolutionNode = FALSE
	EndGlobalSection
	GlobalSection(ExtensibilityGlobals) = postSolution
		SolutionGuid = {146E45B6-4FF3-4D93-9B34-CEF5585551E6}
	EndGlobalSection
EndGlobal
