
Microsoft Visual Studio Solution File, Format Version 12.00
# Visual Studio Version 16
VisualStudioVersion = 16.0.36128.20
MinimumVisualStudioVersion = 10.0.40219.1
Project("{FAE04EC0-301F-11D3-BF4B-00C04F79EFBC}") = "ConsoleApp3", "ConsoleApp3.csproj", "{33E88B8C-1773-490E-A680-D1880834991B}"
EndProject
Global
	GlobalSection(SolutionConfigurationPlatforms) = preSolution
		Debug|Any CPU = Debug|Any CPU
		Release|Any CPU = Release|Any CPU
	EndGlobalSection
	GlobalSection(ProjectConfigurationPlatforms) = postSolution
		{33E88B8C-1773-490E-A680-D1880834991B}.Debug|Any CPU.ActiveCfg = Debug|Any CPU
		{33E88B8C-1773-490E-A680-D1880834991B}.Debug|Any CPU.Build.0 = Debug|Any CPU
		{33E88B8C-1773-490E-A680-D1880834991B}.Release|Any CPU.ActiveCfg = Release|Any CPU
		{33E88B8C-1773-490E-A680-D1880834991B}.Release|Any CPU.Build.0 = Release|Any CPU
	EndGlobalSection
	GlobalSection(SolutionProperties) = preSolution
		HideSolutionNode = FALSE
	EndGlobalSection
	GlobalSection(ExtensibilityGlobals) = postSolution
		SolutionGuid = {F05F4A92-CB5E-4231-9D90-08D6865CAB13}
	EndGlobalSection
EndGlobal
