
Microsoft Visual Studio Solution File, Format Version 12.00
# Visual Studio Version 16
VisualStudioVersion = 16.0.33027.164
MinimumVisualStudioVersion = 10.0.40219.1
Project("{FAE04EC0-301F-11D3-BF4B-00C04F79EFBC}") = "Edocs.Icr.Ocr.Google", "Edocs.Icr.Ocr.Google.csproj", "{62B0B63C-1F5D-4BA8-BE30-06981A15CCDC}"
EndProject
Global
	GlobalSection(SolutionConfigurationPlatforms) = preSolution
		Debug|Any CPU = Debug|Any CPU
		Release|Any CPU = Release|Any CPU
	EndGlobalSection
	GlobalSection(ProjectConfigurationPlatforms) = postSolution
		{62B0B63C-1F5D-4BA8-BE30-06981A15CCDC}.Debug|Any CPU.ActiveCfg = Debug|Any CPU
		{62B0B63C-1F5D-4BA8-BE30-06981A15CCDC}.Debug|Any CPU.Build.0 = Debug|Any CPU
		{62B0B63C-1F5D-4BA8-BE30-06981A15CCDC}.Release|Any CPU.ActiveCfg = Release|Any CPU
		{62B0B63C-1F5D-4BA8-BE30-06981A15CCDC}.Release|Any CPU.Build.0 = Release|Any CPU
	EndGlobalSection
	GlobalSection(SolutionProperties) = preSolution
		HideSolutionNode = FALSE
	EndGlobalSection
	GlobalSection(ExtensibilityGlobals) = postSolution
		SolutionGuid = {BF8049A0-7944-444A-ADA2-9F088AA8AB41}
	EndGlobalSection
EndGlobal
