
Microsoft Visual Studio Solution File, Format Version 12.00
# Visual Studio Version 17
VisualStudioVersion = 17.0.31612.314
MinimumVisualStudioVersion = 10.0.40219.1
Project("{FAE04EC0-301F-11D3-BF4B-00C04F79EFBC}") = "Edocs.Ocr.Text.Searchable.PDF", "Edocs.Ocr.Text.Searchable.PDF.csproj", "{F66B9FFC-80F6-41BC-B385-B02574B3FB6C}"
	ProjectSection(ProjectDependencies) = postProject
		{85CDC39D-93E1-4BD9-B67C-8941103789AC} = {85CDC39D-93E1-4BD9-B67C-8941103789AC}
	EndProjectSection
EndProject
Project("{FAE04EC0-301F-11D3-BF4B-00C04F79EFBC}") = "Edocs.Ocr.Convert.Libaray", "..\Edocs.Ocr.Convert.Libaray\Edocs.Ocr.Convert.Libaray.csproj", "{85CDC39D-93E1-4BD9-B67C-8941103789AC}"
EndProject
Global
	GlobalSection(SolutionConfigurationPlatforms) = preSolution
		Debug|Any CPU = Debug|Any CPU
		Release|Any CPU = Release|Any CPU
	EndGlobalSection
	GlobalSection(ProjectConfigurationPlatforms) = postSolution
		{F66B9FFC-80F6-41BC-B385-B02574B3FB6C}.Debug|Any CPU.ActiveCfg = Debug|Any CPU
		{F66B9FFC-80F6-41BC-B385-B02574B3FB6C}.Debug|Any CPU.Build.0 = Debug|Any CPU
		{F66B9FFC-80F6-41BC-B385-B02574B3FB6C}.Release|Any CPU.ActiveCfg = Release|Any CPU
		{F66B9FFC-80F6-41BC-B385-B02574B3FB6C}.Release|Any CPU.Build.0 = Release|Any CPU
		{85CDC39D-93E1-4BD9-B67C-8941103789AC}.Debug|Any CPU.ActiveCfg = Debug|Any CPU
		{85CDC39D-93E1-4BD9-B67C-8941103789AC}.Debug|Any CPU.Build.0 = Debug|Any CPU
		{85CDC39D-93E1-4BD9-B67C-8941103789AC}.Release|Any CPU.ActiveCfg = Release|Any CPU
		{85CDC39D-93E1-4BD9-B67C-8941103789AC}.Release|Any CPU.Build.0 = Release|Any CPU
	EndGlobalSection
	GlobalSection(SolutionProperties) = preSolution
		HideSolutionNode = FALSE
	EndGlobalSection
	GlobalSection(ExtensibilityGlobals) = postSolution
		SolutionGuid = {E73C3B8E-2A0E-4C33-BAD0-0CE9EF855E27}
	EndGlobalSection
EndGlobal
