
Microsoft Visual Studio Solution File, Format Version 12.00
# Visual Studio Version 16
VisualStudioVersion = 16.0.31829.152
MinimumVisualStudioVersion = 10.0.40219.1
Project("{FAE04EC0-301F-11D3-BF4B-00C04F79EFBC}") = "Flowapp.Android", "Flowapp.Android\Flowapp.Android.csproj", "{D960CA77-769D-4A59-8515-20564D65C549}"
EndProject
Project("{FAE04EC0-301F-11D3-BF4B-00C04F79EFBC}") = "Flowapp.iOS", "Flowapp.iOS\Flowapp.iOS.csproj", "{2CD3096B-C182-40FA-BDB8-2DDC497DE54F}"
EndProject
Project("{FAE04EC0-301F-11D3-BF4B-00C04F79EFBC}") = "Flowapp", "Flowapp\Flowapp.csproj", "{71407668-E768-4F1D-9169-01BD57EB0D65}"
EndProject
Global
	GlobalSection(SolutionConfigurationPlatforms) = preSolution
		Debug|Any CPU = Debug|Any CPU
		Debug|iPhone = Debug|iPhone
		Debug|iPhoneSimulator = Debug|iPhoneSimulator
		Release|Any CPU = Release|Any CPU
		Release|iPhone = Release|iPhone
		Release|iPhoneSimulator = Release|iPhoneSimulator
	EndGlobalSection
	GlobalSection(ProjectConfigurationPlatforms) = postSolution
		{D960CA77-769D-4A59-8515-20564D65C549}.Debug|Any CPU.ActiveCfg = Debug|Any CPU
		{D960CA77-769D-4A59-8515-20564D65C549}.Debug|Any CPU.Build.0 = Debug|Any CPU
		{D960CA77-769D-4A59-8515-20564D65C549}.Debug|Any CPU.Deploy.0 = Debug|Any CPU
		{D960CA77-769D-4A59-8515-20564D65C549}.Debug|iPhone.ActiveCfg = Debug|Any CPU
		{D960CA77-769D-4A59-8515-20564D65C549}.Debug|iPhone.Build.0 = Debug|Any CPU
		{D960CA77-769D-4A59-8515-20564D65C549}.Debug|iPhone.Deploy.0 = Debug|Any CPU
		{D960CA77-769D-4A59-8515-20564D65C549}.Debug|iPhoneSimulator.ActiveCfg = Debug|Any CPU
		{D960CA77-769D-4A59-8515-20564D65C549}.Debug|iPhoneSimulator.Build.0 = Debug|Any CPU
		{D960CA77-769D-4A59-8515-20564D65C549}.Debug|iPhoneSimulator.Deploy.0 = Debug|Any CPU
		{D960CA77-769D-4A59-8515-20564D65C549}.Release|Any CPU.ActiveCfg = Release|Any CPU
		{D960CA77-769D-4A59-8515-20564D65C549}.Release|Any CPU.Build.0 = Release|Any CPU
		{D960CA77-769D-4A59-8515-20564D65C549}.Release|Any CPU.Deploy.0 = Release|Any CPU
		{D960CA77-769D-4A59-8515-20564D65C549}.Release|iPhone.ActiveCfg = Release|Any CPU
		{D960CA77-769D-4A59-8515-20564D65C549}.Release|iPhone.Build.0 = Release|Any CPU
		{D960CA77-769D-4A59-8515-20564D65C549}.Release|iPhone.Deploy.0 = Release|Any CPU
		{D960CA77-769D-4A59-8515-20564D65C549}.Release|iPhoneSimulator.ActiveCfg = Release|Any CPU
		{D960CA77-769D-4A59-8515-20564D65C549}.Release|iPhoneSimulator.Build.0 = Release|Any CPU
		{D960CA77-769D-4A59-8515-20564D65C549}.Release|iPhoneSimulator.Deploy.0 = Release|Any CPU
		{2CD3096B-C182-40FA-BDB8-2DDC497DE54F}.Debug|Any CPU.ActiveCfg = Debug|iPhone
		{2CD3096B-C182-40FA-BDB8-2DDC497DE54F}.Debug|Any CPU.Build.0 = Debug|iPhone
		{2CD3096B-C182-40FA-BDB8-2DDC497DE54F}.Debug|Any CPU.Deploy.0 = Debug|iPhone
		{2CD3096B-C182-40FA-BDB8-2DDC497DE54F}.Debug|iPhone.ActiveCfg = Debug|iPhone
		{2CD3096B-C182-40FA-BDB8-2DDC497DE54F}.Debug|iPhone.Build.0 = Debug|iPhone
		{2CD3096B-C182-40FA-BDB8-2DDC497DE54F}.Debug|iPhone.Deploy.0 = Debug|iPhone
		{2CD3096B-C182-40FA-BDB8-2DDC497DE54F}.Debug|iPhoneSimulator.ActiveCfg = Debug|iPhoneSimulator
		{2CD3096B-C182-40FA-BDB8-2DDC497DE54F}.Debug|iPhoneSimulator.Build.0 = Debug|iPhoneSimulator
		{2CD3096B-C182-40FA-BDB8-2DDC497DE54F}.Debug|iPhoneSimulator.Deploy.0 = Debug|iPhoneSimulator
		{2CD3096B-C182-40FA-BDB8-2DDC497DE54F}.Release|Any CPU.ActiveCfg = Release|iPhoneSimulator
		{2CD3096B-C182-40FA-BDB8-2DDC497DE54F}.Release|Any CPU.Build.0 = Release|iPhoneSimulator
		{2CD3096B-C182-40FA-BDB8-2DDC497DE54F}.Release|Any CPU.Deploy.0 = Release|iPhoneSimulator
		{2CD3096B-C182-40FA-BDB8-2DDC497DE54F}.Release|iPhone.ActiveCfg = Release|iPhone
		{2CD3096B-C182-40FA-BDB8-2DDC497DE54F}.Release|iPhone.Build.0 = Release|iPhone
		{2CD3096B-C182-40FA-BDB8-2DDC497DE54F}.Release|iPhone.Deploy.0 = Release|iPhone
		{2CD3096B-C182-40FA-BDB8-2DDC497DE54F}.Release|iPhoneSimulator.ActiveCfg = Release|iPhoneSimulator
		{2CD3096B-C182-40FA-BDB8-2DDC497DE54F}.Release|iPhoneSimulator.Build.0 = Release|iPhoneSimulator
		{2CD3096B-C182-40FA-BDB8-2DDC497DE54F}.Release|iPhoneSimulator.Deploy.0 = Release|iPhoneSimulator
		{71407668-E768-4F1D-9169-01BD57EB0D65}.Debug|Any CPU.ActiveCfg = Debug|Any CPU
		{71407668-E768-4F1D-9169-01BD57EB0D65}.Debug|Any CPU.Build.0 = Debug|Any CPU
		{71407668-E768-4F1D-9169-01BD57EB0D65}.Debug|Any CPU.Deploy.0 = Debug|Any CPU
		{71407668-E768-4F1D-9169-01BD57EB0D65}.Debug|iPhone.ActiveCfg = Debug|Any CPU
		{71407668-E768-4F1D-9169-01BD57EB0D65}.Debug|iPhone.Build.0 = Debug|Any CPU
		{71407668-E768-4F1D-9169-01BD57EB0D65}.Debug|iPhone.Deploy.0 = Debug|Any CPU
		{71407668-E768-4F1D-9169-01BD57EB0D65}.Debug|iPhoneSimulator.ActiveCfg = Debug|Any CPU
		{71407668-E768-4F1D-9169-01BD57EB0D65}.Debug|iPhoneSimulator.Build.0 = Debug|Any CPU
		{71407668-E768-4F1D-9169-01BD57EB0D65}.Debug|iPhoneSimulator.Deploy.0 = Debug|Any CPU
		{71407668-E768-4F1D-9169-01BD57EB0D65}.Release|Any CPU.ActiveCfg = Release|Any CPU
		{71407668-E768-4F1D-9169-01BD57EB0D65}.Release|Any CPU.Build.0 = Release|Any CPU
		{71407668-E768-4F1D-9169-01BD57EB0D65}.Release|Any CPU.Deploy.0 = Release|Any CPU
		{71407668-E768-4F1D-9169-01BD57EB0D65}.Release|iPhone.ActiveCfg = Release|Any CPU
		{71407668-E768-4F1D-9169-01BD57EB0D65}.Release|iPhone.Build.0 = Release|Any CPU
		{71407668-E768-4F1D-9169-01BD57EB0D65}.Release|iPhone.Deploy.0 = Release|Any CPU
		{71407668-E768-4F1D-9169-01BD57EB0D65}.Release|iPhoneSimulator.ActiveCfg = Release|Any CPU
		{71407668-E768-4F1D-9169-01BD57EB0D65}.Release|iPhoneSimulator.Build.0 = Release|Any CPU
		{71407668-E768-4F1D-9169-01BD57EB0D65}.Release|iPhoneSimulator.Deploy.0 = Release|Any CPU
	EndGlobalSection
	GlobalSection(SolutionProperties) = preSolution
		HideSolutionNode = FALSE
	EndGlobalSection
	GlobalSection(ExtensibilityGlobals) = postSolution
		SolutionGuid = {5A7F6B15-872E-4A0E-AD66-B1EB9B8A9A40}
	EndGlobalSection
EndGlobal
